
Microsoft Visual Studio Solution File, Format Version 12.00
Project("{9A19103F-16F7-4668-BE54-9A1E7A4F7556}") = "_build", "build\_build.csproj", "{42E9C5FB-A7D3-4377-A00F-9DCD2D38AD3B}"
EndProject
Project("{FAE04EC0-301F-11D3-BF4B-00C04F79EFBC}") = "IDPNuke", "src\IDPNuke\IDPNuke.csproj", "{9CB510C3-2F28-4CDD-863C-57276B503F0B}"
EndProject
Project("{FAE04EC0-301F-11D3-BF4B-00C04F79EFBC}") = "IDPNuke.Tests", "test\IDPNuke.Tests\IDPNuke.Tests.csproj", "{72F684A6-7704-4BDB-99ED-49D435D3EE2A}"
EndProject
Global
	GlobalSection(SolutionConfigurationPlatforms) = preSolution
		Debug|Any CPU = Debug|Any CPU
		Release|Any CPU = Release|Any CPU
	EndGlobalSection
	GlobalSection(ProjectConfigurationPlatforms) = postSolution
		{42E9C5FB-A7D3-4377-A00F-9DCD2D38AD3B}.Debug|Any CPU.ActiveCfg = Debug|Any CPU
		{42E9C5FB-A7D3-4377-A00F-9DCD2D38AD3B}.Release|Any CPU.ActiveCfg = Release|Any CPU
		{9CB510C3-2F28-4CDD-863C-57276B503F0B}.Debug|Any CPU.ActiveCfg = Debug|Any CPU
		{9CB510C3-2F28-4CDD-863C-57276B503F0B}.Debug|Any CPU.Build.0 = Debug|Any CPU
		{9CB510C3-2F28-4CDD-863C-57276B503F0B}.Release|Any CPU.ActiveCfg = Release|Any CPU
		{9CB510C3-2F28-4CDD-863C-57276B503F0B}.Release|Any CPU.Build.0 = Release|Any CPU
		{72F684A6-7704-4BDB-99ED-49D435D3EE2A}.Debug|Any CPU.ActiveCfg = Debug|Any CPU
		{72F684A6-7704-4BDB-99ED-49D435D3EE2A}.Debug|Any CPU.Build.0 = Debug|Any CPU
		{72F684A6-7704-4BDB-99ED-49D435D3EE2A}.Release|Any CPU.ActiveCfg = Release|Any CPU
		{72F684A6-7704-4BDB-99ED-49D435D3EE2A}.Release|Any CPU.Build.0 = Release|Any CPU
	EndGlobalSection
EndGlobal
